{
  "name": "mongosh-blog-feb2021",
  "version": "1.0.0",
  "lockfileVersion": 1,
  "requires": true,
  "dependencies": {
    "babar": {
      "version": "0.2.0",
      "resolved": "https://registry.npmjs.org/babar/-/babar-0.2.0.tgz",
      "integrity": "sha512-bH01czBTWEbf7Q6qje/4raQEG14jhPTQJmpj1Uxzw92VCr9yQcCWN+SbKTg34aOvWDs6wrhjfr6SGC8AaeSzaA==",
      "dev": true,
      "requires": {
        "colors": "~0.6.2"
      }
    },
    "colors": {
      "version": "0.6.2",
      "resolved": "https://registry.npmjs.org/colors/-/colors-0.6.2.tgz",
      "integrity": "sha1-JCP+ZnisDF2uiFLl0OW+CMmXq8w=",
      "dev": true
    },
    "dotenv": {
      "version": "8.2.0",
      "resolved": "https://registry.npmjs.org/dotenv/-/dotenv-8.2.0.tgz",
      "integrity": "sha512-8sJ78ElpbDJBHNeBzUbUVLsqKdccaa/BXF1uPTw3GrvQTBgrQrtObr2mUrE38vzYd8cEv+m/JBfDLioYcfXoaw==",
      "dev": true
    },
    "faker": {
      "version": "5.3.1",
      "resolved": "https://registry.npmjs.org/faker/-/faker-5.3.1.tgz",
      "integrity": "sha512-sVdoApX/awJHO9DZHZsHVaJBNFiJW0n3lPs0q/nFxp/Mtya1dr2sCMktST3mdxNMHjkvKTTMAW488E+jH1eSbg==",
      "dev": true
    }
  }
}
